
Microsoft Visual Studio Solution File, Format Version 12.00
# Visual Studio Version 17
VisualStudioVersion = 17.9.34728.123
MinimumVisualStudioVersion = 10.0.40219.1
Project("{9A19103F-16F7-4668-BE54-9A1E7A4F7556}") = "SpotifyPool", "SpotifyPool\SpotifyPool.csproj", "{E8C63BE3-FB68-4BAA-A962-11955250B07D}"
EndProject
Project("{9A19103F-16F7-4668-BE54-9A1E7A4F7556}") = "DataAccessLayer.Implement", "DataAccessLayer.Implement\DataAccessLayer.Implement.csproj", "{6C5466BD-01D2-41F9-B8DE-2C7D0ABB641F}"
EndProject
Project("{9A19103F-16F7-4668-BE54-9A1E7A4F7556}") = "BusinessLogicLayer.Interface", "BusinessLogicLayer.Interface\BusinessLogicLayer.Interface.csproj", "{E9C35C23-1F7D-4D72-ADC4-B458533497B8}"
EndProject
Project("{9A19103F-16F7-4668-BE54-9A1E7A4F7556}") = "Utility", "Shared\Utility.csproj", "{3949C987-D42F-4F3E-AE87-0A60DAAD3EA8}"
EndProject
Project("{2150E333-8FDC-42A3-9474-1A3956D46DE8}") = "1. API", "1. API", "{6CE2D6A2-4AFE-4C7B-B279-B6F3E458C63B}"
EndProject
Project("{2150E333-8FDC-42A3-9474-1A3956D46DE8}") = "2. BUSINESS LOGIC LAYER", "2. BUSINESS LOGIC LAYER", "{F1F4F4BD-7E73-41AE-BC56-ADA9F1BCE306}"
EndProject
Project("{2150E333-8FDC-42A3-9474-1A3956D46DE8}") = "3. DATA ACCESS LAYER", "3. DATA ACCESS LAYER", "{C5DE5623-872F-407D-90A9-7C5FFAFCAF6D}"
EndProject
Project("{9A19103F-16F7-4668-BE54-9A1E7A4F7556}") = "BusinessLogicLayer.Implement", "BusinessLogicLayer.Implement\BusinessLogicLayer.Implement.csproj", "{B2EE43F6-B927-48EE-97A6-E8449C07B8FE}"
EndProject
Project("{9A19103F-16F7-4668-BE54-9A1E7A4F7556}") = "BusinessLogicLayer.ModelView", "BusinessLogicLayer.ModelView\BusinessLogicLayer.ModelView.csproj", "{35926824-CDA1-4CF2-BD15-10C3FEA438F0}"
EndProject
Project("{9A19103F-16F7-4668-BE54-9A1E7A4F7556}") = "BusinessLogicLayer.Mapper", "BusinessLogicLayer.Mapper\BusinessLogicLayer.Mapper.csproj", "{A6E6587F-EFAB-402E-8F32-F1D26CA2985D}"
EndProject
Project("{2150E333-8FDC-42A3-9474-1A3956D46DE8}") = "4. COMMONS", "4. COMMONS", "{162D3471-7BB8-4757-AA37-8857CB2B852E}"
EndProject
Project("{9A19103F-16F7-4668-BE54-9A1E7A4F7556}") = "DataAccessLayer.Interface", "DataAccessLayer.Interface\DataAccessLayer.Interface.csproj", "{7DD1B3D1-593C-44A8-A0D2-647BC1EADC0D}"
EndProject
Project("{9A19103F-16F7-4668-BE54-9A1E7A4F7556}") = "SetupLayer.Enum", "BusinessLogicLayer.Enum\SetupLayer.Enum.csproj", "{D4CE4D6B-7478-4940-833E-D063D1E65A1D}"
EndProject
Project("{9A19103F-16F7-4668-BE54-9A1E7A4F7556}") = "SetupLayer.Setting", "BusinessLogicLayer.Setting\SetupLayer.Setting.csproj", "{BF6432D0-13D0-4B35-B81B-4066B8D03F93}"
EndProject
Project("{9A19103F-16F7-4668-BE54-9A1E7A4F7556}") = "BusinessLogicLayer.DependencyInjection", "BusinessLogicLayer.DependencyInjection\BusinessLogicLayer.DependencyInjection.csproj", "{4D8E3B3D-4FF6-4522-B36C-55F09FBBC6C0}"
EndProject
Project("{9A19103F-16F7-4668-BE54-9A1E7A4F7556}") = "DataAccessLayer.Repository", "DataAccessLayer.Repository\DataAccessLayer.Repository.csproj", "{A5D58AB3-5A85-4A2F-B672-E2F8D8FBC3B7}"
EndProject
Project("{9A19103F-16F7-4668-BE54-9A1E7A4F7556}") = "BusinessLogicLayer.DataAnalytics", "BusinessLogicLayer.DataAnalytics\BusinessLogicLayer.DataAnalytics.csproj", "{60A29452-034A-437B-8FE7-0D0E8030731C}"
EndProject
Global
	GlobalSection(SolutionConfigurationPlatforms) = preSolution
		Debug|Any CPU = Debug|Any CPU
		Release|Any CPU = Release|Any CPU
	EndGlobalSection
	GlobalSection(ProjectConfigurationPlatforms) = postSolution
		{E8C63BE3-FB68-4BAA-A962-11955250B07D}.Debug|Any CPU.ActiveCfg = Debug|Any CPU
		{E8C63BE3-FB68-4BAA-A962-11955250B07D}.Debug|Any CPU.Build.0 = Debug|Any CPU
		{E8C63BE3-FB68-4BAA-A962-11955250B07D}.Release|Any CPU.ActiveCfg = Release|Any CPU
		{E8C63BE3-FB68-4BAA-A962-11955250B07D}.Release|Any CPU.Build.0 = Release|Any CPU
		{6C5466BD-01D2-41F9-B8DE-2C7D0ABB641F}.Debug|Any CPU.ActiveCfg = Debug|Any CPU
		{6C5466BD-01D2-41F9-B8DE-2C7D0ABB641F}.Debug|Any CPU.Build.0 = Debug|Any CPU
		{6C5466BD-01D2-41F9-B8DE-2C7D0ABB641F}.Release|Any CPU.ActiveCfg = Release|Any CPU
		{6C5466BD-01D2-41F9-B8DE-2C7D0ABB641F}.Release|Any CPU.Build.0 = Release|Any CPU
		{E9C35C23-1F7D-4D72-ADC4-B458533497B8}.Debug|Any CPU.ActiveCfg = Debug|Any CPU
		{E9C35C23-1F7D-4D72-ADC4-B458533497B8}.Debug|Any CPU.Build.0 = Debug|Any CPU
		{E9C35C23-1F7D-4D72-ADC4-B458533497B8}.Release|Any CPU.ActiveCfg = Release|Any CPU
		{E9C35C23-1F7D-4D72-ADC4-B458533497B8}.Release|Any CPU.Build.0 = Release|Any CPU
		{3949C987-D42F-4F3E-AE87-0A60DAAD3EA8}.Debug|Any CPU.ActiveCfg = Debug|Any CPU
		{3949C987-D42F-4F3E-AE87-0A60DAAD3EA8}.Debug|Any CPU.Build.0 = Debug|Any CPU
		{3949C987-D42F-4F3E-AE87-0A60DAAD3EA8}.Release|Any CPU.ActiveCfg = Release|Any CPU
		{3949C987-D42F-4F3E-AE87-0A60DAAD3EA8}.Release|Any CPU.Build.0 = Release|Any CPU
		{B2EE43F6-B927-48EE-97A6-E8449C07B8FE}.Debug|Any CPU.ActiveCfg = Debug|Any CPU
		{B2EE43F6-B927-48EE-97A6-E8449C07B8FE}.Debug|Any CPU.Build.0 = Debug|Any CPU
		{B2EE43F6-B927-48EE-97A6-E8449C07B8FE}.Release|Any CPU.ActiveCfg = Release|Any CPU
		{B2EE43F6-B927-48EE-97A6-E8449C07B8FE}.Release|Any CPU.Build.0 = Release|Any CPU
		{35926824-CDA1-4CF2-BD15-10C3FEA438F0}.Debug|Any CPU.ActiveCfg = Debug|Any CPU
		{35926824-CDA1-4CF2-BD15-10C3FEA438F0}.Debug|Any CPU.Build.0 = Debug|Any CPU
		{35926824-CDA1-4CF2-BD15-10C3FEA438F0}.Release|Any CPU.ActiveCfg = Release|Any CPU
		{35926824-CDA1-4CF2-BD15-10C3FEA438F0}.Release|Any CPU.Build.0 = Release|Any CPU
		{A6E6587F-EFAB-402E-8F32-F1D26CA2985D}.Debug|Any CPU.ActiveCfg = Debug|Any CPU
		{A6E6587F-EFAB-402E-8F32-F1D26CA2985D}.Debug|Any CPU.Build.0 = Debug|Any CPU
		{A6E6587F-EFAB-402E-8F32-F1D26CA2985D}.Release|Any CPU.ActiveCfg = Release|Any CPU
		{A6E6587F-EFAB-402E-8F32-F1D26CA2985D}.Release|Any CPU.Build.0 = Release|Any CPU
		{7DD1B3D1-593C-44A8-A0D2-647BC1EADC0D}.Debug|Any CPU.ActiveCfg = Debug|Any CPU
		{7DD1B3D1-593C-44A8-A0D2-647BC1EADC0D}.Debug|Any CPU.Build.0 = Debug|Any CPU
		{7DD1B3D1-593C-44A8-A0D2-647BC1EADC0D}.Release|Any CPU.ActiveCfg = Release|Any CPU
		{7DD1B3D1-593C-44A8-A0D2-647BC1EADC0D}.Release|Any CPU.Build.0 = Release|Any CPU
		{D4CE4D6B-7478-4940-833E-D063D1E65A1D}.Debug|Any CPU.ActiveCfg = Debug|Any CPU
		{D4CE4D6B-7478-4940-833E-D063D1E65A1D}.Debug|Any CPU.Build.0 = Debug|Any CPU
		{D4CE4D6B-7478-4940-833E-D063D1E65A1D}.Release|Any CPU.ActiveCfg = Release|Any CPU
		{D4CE4D6B-7478-4940-833E-D063D1E65A1D}.Release|Any CPU.Build.0 = Release|Any CPU
		{BF6432D0-13D0-4B35-B81B-4066B8D03F93}.Debug|Any CPU.ActiveCfg = Debug|Any CPU
		{BF6432D0-13D0-4B35-B81B-4066B8D03F93}.Debug|Any CPU.Build.0 = Debug|Any CPU
		{BF6432D0-13D0-4B35-B81B-4066B8D03F93}.Release|Any CPU.ActiveCfg = Release|Any CPU
		{BF6432D0-13D0-4B35-B81B-4066B8D03F93}.Release|Any CPU.Build.0 = Release|Any CPU
		{4D8E3B3D-4FF6-4522-B36C-55F09FBBC6C0}.Debug|Any CPU.ActiveCfg = Debug|Any CPU
		{4D8E3B3D-4FF6-4522-B36C-55F09FBBC6C0}.Debug|Any CPU.Build.0 = Debug|Any CPU
		{4D8E3B3D-4FF6-4522-B36C-55F09FBBC6C0}.Release|Any CPU.ActiveCfg = Release|Any CPU
		{4D8E3B3D-4FF6-4522-B36C-55F09FBBC6C0}.Release|Any CPU.Build.0 = Release|Any CPU
		{A5D58AB3-5A85-4A2F-B672-E2F8D8FBC3B7}.Debug|Any CPU.ActiveCfg = Debug|Any CPU
		{A5D58AB3-5A85-4A2F-B672-E2F8D8FBC3B7}.Debug|Any CPU.Build.0 = Debug|Any CPU
		{A5D58AB3-5A85-4A2F-B672-E2F8D8FBC3B7}.Release|Any CPU.ActiveCfg = Release|Any CPU
		{A5D58AB3-5A85-4A2F-B672-E2F8D8FBC3B7}.Release|Any CPU.Build.0 = Release|Any CPU
		{60A29452-034A-437B-8FE7-0D0E8030731C}.Debug|Any CPU.ActiveCfg = Debug|Any CPU
		{60A29452-034A-437B-8FE7-0D0E8030731C}.Debug|Any CPU.Build.0 = Debug|Any CPU
		{60A29452-034A-437B-8FE7-0D0E8030731C}.Release|Any CPU.ActiveCfg = Release|Any CPU
		{60A29452-034A-437B-8FE7-0D0E8030731C}.Release|Any CPU.Build.0 = Release|Any CPU
	EndGlobalSection
	GlobalSection(SolutionProperties) = preSolution
		HideSolutionNode = FALSE
	EndGlobalSection
	GlobalSection(NestedProjects) = preSolution
		{E8C63BE3-FB68-4BAA-A962-11955250B07D} = {6CE2D6A2-4AFE-4C7B-B279-B6F3E458C63B}
		{6C5466BD-01D2-41F9-B8DE-2C7D0ABB641F} = {C5DE5623-872F-407D-90A9-7C5FFAFCAF6D}
		{E9C35C23-1F7D-4D72-ADC4-B458533497B8} = {F1F4F4BD-7E73-41AE-BC56-ADA9F1BCE306}
		{3949C987-D42F-4F3E-AE87-0A60DAAD3EA8} = {162D3471-7BB8-4757-AA37-8857CB2B852E}
		{B2EE43F6-B927-48EE-97A6-E8449C07B8FE} = {F1F4F4BD-7E73-41AE-BC56-ADA9F1BCE306}
		{35926824-CDA1-4CF2-BD15-10C3FEA438F0} = {F1F4F4BD-7E73-41AE-BC56-ADA9F1BCE306}
		{A6E6587F-EFAB-402E-8F32-F1D26CA2985D} = {F1F4F4BD-7E73-41AE-BC56-ADA9F1BCE306}
		{7DD1B3D1-593C-44A8-A0D2-647BC1EADC0D} = {C5DE5623-872F-407D-90A9-7C5FFAFCAF6D}
		{D4CE4D6B-7478-4940-833E-D063D1E65A1D} = {162D3471-7BB8-4757-AA37-8857CB2B852E}
		{BF6432D0-13D0-4B35-B81B-4066B8D03F93} = {162D3471-7BB8-4757-AA37-8857CB2B852E}
		{4D8E3B3D-4FF6-4522-B36C-55F09FBBC6C0} = {F1F4F4BD-7E73-41AE-BC56-ADA9F1BCE306}
		{A5D58AB3-5A85-4A2F-B672-E2F8D8FBC3B7} = {C5DE5623-872F-407D-90A9-7C5FFAFCAF6D}
		{60A29452-034A-437B-8FE7-0D0E8030731C} = {F1F4F4BD-7E73-41AE-BC56-ADA9F1BCE306}
	EndGlobalSection
	GlobalSection(ExtensibilityGlobals) = postSolution
		SolutionGuid = {9F68B3A4-E86A-4C89-9B99-937B589EC53A}
	EndGlobalSection
EndGlobal
